
Microsoft Visual Studio Solution File, Format Version 12.00
# Visual Studio Version 16
VisualStudioVersion = 16.0.30104.148
MinimumVisualStudioVersion = 10.0.40219.1
Project("{FAE04EC0-301F-11D3-BF4B-00C04F79EFBC}") = "PokemonManager", "PokemonManager\PokemonManager.csproj", "{6812D33E-F662-4FE1-82CE-286EA321A554}"
EndProject
Global
	GlobalSection(SolutionConfigurationPlatforms) = preSolution
		Debug|Any CPU = Debug|Any CPU
		Release|Any CPU = Release|Any CPU
	EndGlobalSection
	GlobalSection(ProjectConfigurationPlatforms) = postSolution
		{6812D33E-F662-4FE1-82CE-286EA321A554}.Debug|Any CPU.ActiveCfg = Debug|Any CPU
		{6812D33E-F662-4FE1-82CE-286EA321A554}.Debug|Any CPU.Build.0 = Debug|Any CPU
		{6812D33E-F662-4FE1-82CE-286EA321A554}.Release|Any CPU.ActiveCfg = Release|Any CPU
		{6812D33E-F662-4FE1-82CE-286EA321A554}.Release|Any CPU.Build.0 = Release|Any CPU
	EndGlobalSection
	GlobalSection(SolutionProperties) = preSolution
		HideSolutionNode = FALSE
	EndGlobalSection
	GlobalSection(ExtensibilityGlobals) = postSolution
		SolutionGuid = {2B2D5AC3-102B-408A-B0FB-138BD96B8D4C}
	EndGlobalSection
EndGlobal
